
Microsoft Visual Studio Solution File, Format Version 12.00
Project("{FAE04EC0-301F-11D3-BF4B-00C04F79EFBC}") = "Opgave34", "Opgave34\Opgave34.csproj", "{BB80A80B-D6B2-4067-B2C8-D4A0BB1DE02B}"
EndProject
Global
	GlobalSection(SolutionConfigurationPlatforms) = preSolution
		Debug|Any CPU = Debug|Any CPU
		Release|Any CPU = Release|Any CPU
	EndGlobalSection
	GlobalSection(ProjectConfigurationPlatforms) = postSolution
		{BB80A80B-D6B2-4067-B2C8-D4A0BB1DE02B}.Debug|Any CPU.ActiveCfg = Debug|Any CPU
		{BB80A80B-D6B2-4067-B2C8-D4A0BB1DE02B}.Debug|Any CPU.Build.0 = Debug|Any CPU
		{BB80A80B-D6B2-4067-B2C8-D4A0BB1DE02B}.Release|Any CPU.ActiveCfg = Release|Any CPU
		{BB80A80B-D6B2-4067-B2C8-D4A0BB1DE02B}.Release|Any CPU.Build.0 = Release|Any CPU
	EndGlobalSection
EndGlobal
