
Microsoft Visual Studio Solution File, Format Version 12.00
Project("{FAE04EC0-301F-11D3-BF4B-00C04F79EFBC}") = "Opgave28", "Opgave28\Opgave28.csproj", "{34EFA99B-33A6-47A4-AC2F-6E6C09408E1F}"
EndProject
Global
	GlobalSection(SolutionConfigurationPlatforms) = preSolution
		Debug|Any CPU = Debug|Any CPU
		Release|Any CPU = Release|Any CPU
	EndGlobalSection
	GlobalSection(ProjectConfigurationPlatforms) = postSolution
		{34EFA99B-33A6-47A4-AC2F-6E6C09408E1F}.Debug|Any CPU.ActiveCfg = Debug|Any CPU
		{34EFA99B-33A6-47A4-AC2F-6E6C09408E1F}.Debug|Any CPU.Build.0 = Debug|Any CPU
		{34EFA99B-33A6-47A4-AC2F-6E6C09408E1F}.Release|Any CPU.ActiveCfg = Release|Any CPU
		{34EFA99B-33A6-47A4-AC2F-6E6C09408E1F}.Release|Any CPU.Build.0 = Release|Any CPU
	EndGlobalSection
EndGlobal
