
Microsoft Visual Studio Solution File, Format Version 12.00
Project("{FAE04EC0-301F-11D3-BF4B-00C04F79EFBC}") = "Opgave24", "Opgave24\Opgave24.csproj", "{D2F885EE-F2E8-43BA-AC33-2F7D8E4127D2}"
EndProject
Global
	GlobalSection(SolutionConfigurationPlatforms) = preSolution
		Debug|Any CPU = Debug|Any CPU
		Release|Any CPU = Release|Any CPU
	EndGlobalSection
	GlobalSection(ProjectConfigurationPlatforms) = postSolution
		{D2F885EE-F2E8-43BA-AC33-2F7D8E4127D2}.Debug|Any CPU.ActiveCfg = Debug|Any CPU
		{D2F885EE-F2E8-43BA-AC33-2F7D8E4127D2}.Debug|Any CPU.Build.0 = Debug|Any CPU
		{D2F885EE-F2E8-43BA-AC33-2F7D8E4127D2}.Release|Any CPU.ActiveCfg = Release|Any CPU
		{D2F885EE-F2E8-43BA-AC33-2F7D8E4127D2}.Release|Any CPU.Build.0 = Release|Any CPU
	EndGlobalSection
EndGlobal
