
Microsoft Visual Studio Solution File, Format Version 12.00
Project("{FAE04EC0-301F-11D3-BF4B-00C04F79EFBC}") = "Opgave57", "Opgave57\Opgave57.csproj", "{C66FCB76-1DDF-458A-B882-320D0ED054F3}"
EndProject
Global
	GlobalSection(SolutionConfigurationPlatforms) = preSolution
		Debug|Any CPU = Debug|Any CPU
		Release|Any CPU = Release|Any CPU
	EndGlobalSection
	GlobalSection(ProjectConfigurationPlatforms) = postSolution
		{C66FCB76-1DDF-458A-B882-320D0ED054F3}.Debug|Any CPU.ActiveCfg = Debug|Any CPU
		{C66FCB76-1DDF-458A-B882-320D0ED054F3}.Debug|Any CPU.Build.0 = Debug|Any CPU
		{C66FCB76-1DDF-458A-B882-320D0ED054F3}.Release|Any CPU.ActiveCfg = Release|Any CPU
		{C66FCB76-1DDF-458A-B882-320D0ED054F3}.Release|Any CPU.Build.0 = Release|Any CPU
	EndGlobalSection
EndGlobal
