
Microsoft Visual Studio Solution File, Format Version 12.00
Project("{FAE04EC0-301F-11D3-BF4B-00C04F79EFBC}") = "ProeveEksammen", "ProeveEksammen\ProeveEksammen.csproj", "{7AB14019-9E9A-4709-A9BC-A2993BE14371}"
EndProject
Global
	GlobalSection(SolutionConfigurationPlatforms) = preSolution
		Debug|Any CPU = Debug|Any CPU
		Release|Any CPU = Release|Any CPU
	EndGlobalSection
	GlobalSection(ProjectConfigurationPlatforms) = postSolution
		{7AB14019-9E9A-4709-A9BC-A2993BE14371}.Debug|Any CPU.ActiveCfg = Debug|Any CPU
		{7AB14019-9E9A-4709-A9BC-A2993BE14371}.Debug|Any CPU.Build.0 = Debug|Any CPU
		{7AB14019-9E9A-4709-A9BC-A2993BE14371}.Release|Any CPU.ActiveCfg = Release|Any CPU
		{7AB14019-9E9A-4709-A9BC-A2993BE14371}.Release|Any CPU.Build.0 = Release|Any CPU
	EndGlobalSection
EndGlobal
