
Microsoft Visual Studio Solution File, Format Version 12.00
Project("{FAE04EC0-301F-11D3-BF4B-00C04F79EFBC}") = "Opgave51", "Opgave51\Opgave51.csproj", "{498D7FF0-D124-4037-9A29-217435C3C7F0}"
EndProject
Global
	GlobalSection(SolutionConfigurationPlatforms) = preSolution
		Debug|Any CPU = Debug|Any CPU
		Release|Any CPU = Release|Any CPU
	EndGlobalSection
	GlobalSection(ProjectConfigurationPlatforms) = postSolution
		{498D7FF0-D124-4037-9A29-217435C3C7F0}.Debug|Any CPU.ActiveCfg = Debug|Any CPU
		{498D7FF0-D124-4037-9A29-217435C3C7F0}.Debug|Any CPU.Build.0 = Debug|Any CPU
		{498D7FF0-D124-4037-9A29-217435C3C7F0}.Release|Any CPU.ActiveCfg = Release|Any CPU
		{498D7FF0-D124-4037-9A29-217435C3C7F0}.Release|Any CPU.Build.0 = Release|Any CPU
	EndGlobalSection
EndGlobal
