
Microsoft Visual Studio Solution File, Format Version 12.00
Project("{FAE04EC0-301F-11D3-BF4B-00C04F79EFBC}") = "Opgave58", "Opgave58\Opgave58.csproj", "{83B58404-C296-461C-96D6-6B9198F9D9D3}"
EndProject
Global
	GlobalSection(SolutionConfigurationPlatforms) = preSolution
		Debug|Any CPU = Debug|Any CPU
		Release|Any CPU = Release|Any CPU
	EndGlobalSection
	GlobalSection(ProjectConfigurationPlatforms) = postSolution
		{83B58404-C296-461C-96D6-6B9198F9D9D3}.Debug|Any CPU.ActiveCfg = Debug|Any CPU
		{83B58404-C296-461C-96D6-6B9198F9D9D3}.Debug|Any CPU.Build.0 = Debug|Any CPU
		{83B58404-C296-461C-96D6-6B9198F9D9D3}.Release|Any CPU.ActiveCfg = Release|Any CPU
		{83B58404-C296-461C-96D6-6B9198F9D9D3}.Release|Any CPU.Build.0 = Release|Any CPU
	EndGlobalSection
EndGlobal
